Microsoft Visual Studio Solution File, Format Version 11.00
# Visual Studio 2008

Project("{863EFB19-63AE-E838-C8F7-B7C08AC3B7EA}") = "The Balance Of Time", "Assembly-CSharp-vs.csproj", "{34ADC753-6D64-9D66-CB02-47B11EA3BC3D}"
EndProject
Global
	GlobalSection(SolutionConfigurationPlatforms) = preSolution
		Debug|Any CPU = Debug|Any CPU
		Release|Any CPU = Release|Any CPU
	EndGlobalSection
	GlobalSection(ProjectConfigurationPlatforms) = postSolution
		{34ADC753-6D64-9D66-CB02-47B11EA3BC3D}.Debug|Any CPU.ActiveCfg = Debug|Any CPU
		{34ADC753-6D64-9D66-CB02-47B11EA3BC3D}.Debug|Any CPU.Build.0 = Debug|Any CPU
		{34ADC753-6D64-9D66-CB02-47B11EA3BC3D}.Release|Any CPU.ActiveCfg = Release|Any CPU
		{34ADC753-6D64-9D66-CB02-47B11EA3BC3D}.Release|Any CPU.Build.0 = Release|Any CPU
	EndGlobalSection
	GlobalSection(SolutionProperties) = preSolution
		HideSolutionNode = FALSE
	EndGlobalSection
														GlobalSection(MonoDevelopProperties) = preSolution
		StartupItem = Assembly-CSharp.csproj
		Policies = $0
		$0.TextStylePolicy = $1
		$1.inheritsSet = null
		$1.scope = text/x-csharp
		$0.CSharpFormattingPolicy = $2
		$2.inheritsSet = Mono
		$2.inheritsScope = text/x-csharp
		$2.scope = text/x-csharp
		$0.TextStylePolicy = $3
		$3.FileWidth = 120
		$3.TabWidth = 4
		$3.IndentWidth = 4
		$3.EolMarker = Unix
		$3.inheritsSet = Mono
		$3.inheritsScope = text/plain
		$3.scope = text/plain
	EndGlobalSection

EndGlobal
